// !$*UTF8*$!
{
	archiveVersion = 1;
	classes = {
	};
	objectVersion = 46;
	objects = {

/* Begin PBXBuildFile section */
		501123431DD8C18E004F5DB9 /* UrbandListController.swift in Sources */ = {isa = PBXBuildFile; fileRef = 502845DF1DD8BEC10092D6D0 /* UrbandListController.swift */; };
		501123441DD8C190004F5DB9 /* AppDelegate.swift in Sources */ = {isa = PBXBuildFile; fileRef = 502845D81DD8BEC10092D6D0 /* AppDelegate.swift */; };
		502845E11DD8BEC10092D6D0 /* Assets.xcassets in Resources */ = {isa = PBXBuildFile; fileRef = 502845D91DD8BEC10092D6D0 /* Assets.xcassets */; };
		502845E21DD8BEC10092D6D0 /* LaunchScreen.storyboard in Resources */ = {isa = PBXBuildFile; fileRef = 502845DA1DD8BEC10092D6D0 /* LaunchScreen.storyboard */; };
		502845E31DD8BEC10092D6D0 /* Main.storyboard in Resources */ = {isa = PBXBuildFile; fileRef = 502845DC1DD8BEC10092D6D0 /* Main.storyboard */; };
		505C614B1DDFBAE400D5FA2B /* Utilities.swift in Sources */ = {isa = PBXBuildFile; fileRef = 505C614A1DDFBAE400D5FA2B /* Utilities.swift */; };
		50D10F0E1DDA951300C568C2 /* UrbandManager.swift in Sources */ = {isa = PBXBuildFile; fileRef = 50D10F0D1DDA951300C568C2 /* UrbandManager.swift */; };
/* End PBXBuildFile section */

/* Begin PBXFileReference section */
		502845D81DD8BEC10092D6D0 /* AppDelegate.swift */ = {isa = PBXFileReference; fileEncoding = 4; lastKnownFileType = sourcecode.swift; path = AppDelegate.swift; sourceTree = "<group>"; };
		502845D91DD8BEC10092D6D0 /* Assets.xcassets */ = {isa = PBXFileReference; lastKnownFileType = folder.assetcatalog; path = Assets.xcassets; sourceTree = "<group>"; };
		502845DB1DD8BEC10092D6D0 /* Base */ = {isa = PBXFileReference; lastKnownFileType = file.storyboard; name = Base; path = Base.lproj/LaunchScreen.storyboard; sourceTree = "<group>"; };
		502845DD1DD8BEC10092D6D0 /* Base */ = {isa = PBXFileReference; lastKnownFileType = file.storyboard; name = Base; path = Base.lproj/Main.storyboard; sourceTree = "<group>"; };
		502845DE1DD8BEC10092D6D0 /* Info.plist */ = {isa = PBXFileReference; fileEncoding = 4; lastKnownFileType = text.plist.xml; path = Info.plist; sourceTree = "<group>"; };
		502845DF1DD8BEC10092D6D0 /* UrbandListController.swift */ = {isa = PBXFileReference; fileEncoding = 4; lastKnownFileType = sourcecode.swift; path = UrbandListController.swift; sourceTree = "<group>"; };
		505C614A1DDFBAE400D5FA2B /* Utilities.swift */ = {isa = PBXFileReference; fileEncoding = 4; lastKnownFileType = sourcecode.swift; path = Utilities.swift; sourceTree = "<group>"; };
		506049B11DD846F400AC781F /* UrbandManager.app */ = {isa = PBXFileReference; explicitFileType = wrapper.application; includeInIndex = 0; path = UrbandManager.app; sourceTree = BUILT_PRODUCTS_DIR; };
		50D10F0D1DDA951300C568C2 /* UrbandManager.swift */ = {isa = PBXFileReference; fileEncoding = 4; lastKnownFileType = sourcecode.swift; path = UrbandManager.swift; sourceTree = "<group>"; };
/* End PBXFileReference section */

/* Begin PBXFrameworksBuildPhase section */
		506049AE1DD846F400AC781F /* Frameworks */ = {
			isa = PBXFrameworksBuildPhase;
			buildActionMask = 2147483647;
			files = (
			);
			runOnlyForDeploymentPostprocessing = 0;
		};
/* End PBXFrameworksBuildPhase section */

/* Begin PBXGroup section */
		502845D71DD8BEC10092D6D0 /* UrbandManager */ = {
			isa = PBXGroup;
			children = (
				505C61491DDFBA4D00D5FA2B /* utilities */,
				50D10F0C1DDA951300C568C2 /* manager */,
				50DF896E1DDA114A0085031C /* view controllers */,
				502845D81DD8BEC10092D6D0 /* AppDelegate.swift */,
				502845D91DD8BEC10092D6D0 /* Assets.xcassets */,
				502845DA1DD8BEC10092D6D0 /* LaunchScreen.storyboard */,
				502845DE1DD8BEC10092D6D0 /* Info.plist */,
			);
			path = UrbandManager;
			sourceTree = "<group>";
		};
		505C61491DDFBA4D00D5FA2B /* utilities */ = {
			isa = PBXGroup;
			children = (
				505C614A1DDFBAE400D5FA2B /* Utilities.swift */,
			);
			name = utilities;
			sourceTree = "<group>";
		};
		506049A81DD846F400AC781F = {
			isa = PBXGroup;
			children = (
				502845D71DD8BEC10092D6D0 /* UrbandManager */,
				506049B21DD846F400AC781F /* Products */,
			);
			sourceTree = "<group>";
		};
		506049B21DD846F400AC781F /* Products */ = {
			isa = PBXGroup;
			children = (
				506049B11DD846F400AC781F /* UrbandManager.app */,
			);
			name = Products;
			sourceTree = "<group>";
		};
		50D10F0C1DDA951300C568C2 /* manager */ = {
			isa = PBXGroup;
			children = (
				50D10F0D1DDA951300C568C2 /* UrbandManager.swift */,
			);
			path = manager;
			sourceTree = "<group>";
		};
		50DF896E1DDA114A0085031C /* view controllers */ = {
			isa = PBXGroup;
			children = (
				502845DC1DD8BEC10092D6D0 /* Main.storyboard */,
				502845DF1DD8BEC10092D6D0 /* UrbandListController.swift */,
			);
			name = "view controllers";
			sourceTree = "<group>";
		};
/* End PBXGroup section */

/* Begin PBXNativeTarget section */
		506049B01DD846F400AC781F /* UrbandManager */ = {
			isa = PBXNativeTarget;
			buildConfigurationList = 506049C31DD846F400AC781F /* Build configuration list for PBXNativeTarget "UrbandManager" */;
			buildPhases = (
				506049AD1DD846F400AC781F /* Sources */,
				506049AE1DD846F400AC781F /* Frameworks */,
				506049AF1DD846F400AC781F /* Resources */,
			);
			buildRules = (
			);
			dependencies = (
			);
			name = UrbandManager;
			productName = UrbandManage;
			productReference = 506049B11DD846F400AC781F /* UrbandManager.app */;
			productType = "com.apple.product-type.application";
		};
/* End PBXNativeTarget section */

/* Begin PBXProject section */
		506049A91DD846F400AC781F /* Project object */ = {
			isa = PBXProject;
			attributes = {
				LastSwiftUpdateCheck = 0810;
				LastUpgradeCheck = 0810;
				ORGANIZATIONNAME = specktro;
				TargetAttributes = {
					506049B01DD846F400AC781F = {
						CreatedOnToolsVersion = 8.1;
						DevelopmentTeam = 4682Q6QAJV;
						ProvisioningStyle = Automatic;
					};
				};
			};
			buildConfigurationList = 506049AC1DD846F400AC781F /* Build configuration list for PBXProject "UrbandManager" */;
			compatibilityVersion = "Xcode 3.2";
			developmentRegion = English;
			hasScannedForEncodings = 0;
			knownRegions = (
				en,
				Base,
			);
			mainGroup = 506049A81DD846F400AC781F;
			productRefGroup = 506049B21DD846F400AC781F /* Products */;
			projectDirPath = "";
			projectRoot = "";
			targets = (
				506049B01DD846F400AC781F /* UrbandManager */,
			);
		};
/* End PBXProject section */

/* Begin PBXResourcesBuildPhase section */
		506049AF1DD846F400AC781F /* Resources */ = {
			isa = PBXResourcesBuildPhase;
			buildActionMask = 2147483647;
			files = (
				502845E31DD8BEC10092D6D0 /* Main.storyboard in Resources */,
				502845E11DD8BEC10092D6D0 /* Assets.xcassets in Resources */,
				502845E21DD8BEC10092D6D0 /* LaunchScreen.storyboard in Resources */,
			);
			runOnlyForDeploymentPostprocessing = 0;
		};
/* End PBXResourcesBuildPhase section */

/* Begin PBXSourcesBuildPhase section */
		506049AD1DD846F400AC781F /* Sources */ = {
			isa = PBXSourcesBuildPhase;
			buildActionMask = 2147483647;
			files = (
				501123431DD8C18E004F5DB9 /* UrbandListController.swift in Sources */,
				50D10F0E1DDA951300C568C2 /* UrbandManager.swift in Sources */,
				505C614B1DDFBAE400D5FA2B /* Utilities.swift in Sources */,
				501123441DD8C190004F5DB9 /* AppDelegate.swift in Sources */,
			);
			runOnlyForDeploymentPostprocessing = 0;
		};
/* End PBXSourcesBuildPhase section */

/* Begin PBXVariantGroup section */
		502845DA1DD8BEC10092D6D0 /* LaunchScreen.storyboard */ = {
			isa = PBXVariantGroup;
			children = (
				502845DB1DD8BEC10092D6D0 /* Base */,
			);
			name = LaunchScreen.storyboard;
			sourceTree = "<group>";
		};
		502845DC1DD8BEC10092D6D0 /* Main.storyboard */ = {
			isa = PBXVariantGroup;
			children = (
				502845DD1DD8BEC10092D6D0 /* Base */,
			);
			name = Main.storyboard;
			sourceTree = "<group>";
		};
/* End PBXVariantGroup section */

/* Begin XCBuildConfiguration section */
		506049C11DD846F400AC781F /* Debug */ = {
			isa = XCBuildConfiguration;
			buildSettings = {
				ALWAYS_SEARCH_USER_PATHS = NO;
				CLANG_ANALYZER_NONNULL = YES;
				CLANG_CXX_LANGUAGE_STANDARD = "gnu++0x";
				CLANG_CXX_LIBRARY = "libc++";
				CLANG_ENABLE_MODULES = YES;
				CLANG_ENABLE_OBJC_ARC = YES;
				CLANG_WARN_BOOL_CONVERSION = YES;
				CLANG_WARN_CONSTANT_CONVERSION = YES;
				CLANG_WARN_DIRECT_OBJC_ISA_USAGE = YES_ERROR;
				CLANG_WARN_DOCUMENTATION_COMMENTS = YES;
				CLANG_WARN_EMPTY_BODY = YES;
				CLANG_WARN_ENUM_CONVERSION = YES;
				CLANG_WARN_INFINITE_RECURSION = YES;
				CLANG_WARN_INT_CONVERSION = YES;
				CLANG_WARN_OBJC_ROOT_CLASS = YES_ERROR;
				CLANG_WARN_SUSPICIOUS_MOVES = YES;
				CLANG_WARN_UNREACHABLE_CODE = YES;
				CLANG_WARN__DUPLICATE_METHOD_MATCH = YES;
				"CODE_SIGN_IDENTITY[sdk=iphoneos*]" = "iPhone Developer";
				COPY_PHASE_STRIP = NO;
				DEBUG_INFORMATION_FORMAT = dwarf;
				ENABLE_STRICT_OBJC_MSGSEND = YES;
				ENABLE_TESTABILITY = YES;
				GCC_C_LANGUAGE_STANDARD = gnu99;
				GCC_DYNAMIC_NO_PIC = NO;
				GCC_NO_COMMON_BLOCKS = YES;
				GCC_OPTIMIZATION_LEVEL = 0;
				GCC_PREPROCESSOR_DEFINITIONS = (
					"DEBUG=1",
					"$(inherited)",
				);
				GCC_WARN_64_TO_32_BIT_CONVERSION = YES;
				GCC_WARN_ABOUT_RETURN_TYPE = YES_ERROR;
				GCC_WARN_UNDECLARED_SELECTOR = YES;
				GCC_WARN_UNINITIALIZED_AUTOS = YES_AGGRESSIVE;
				GCC_WARN_UNUSED_FUNCTION = YES;
				GCC_WARN_UNUSED_VARIABLE = YES;
				IPHONEOS_DEPLOYMENT_TARGET = 10.1;
				MTL_ENABLE_DEBUG_INFO = YES;
				ONLY_ACTIVE_ARCH = YES;
				SDKROOT = iphoneos;
				SWIFT_ACTIVE_COMPILATION_CONDITIONS = DEBUG;
				SWIFT_OPTIMIZATION_LEVEL = "-Onone";
			};
			name = Debug;
		};
		506049C21DD846F400AC781F /* Release */ = {
			isa = XCBuildConfiguration;
			buildSettings = {
				ALWAYS_SEARCH_USER_PATHS = NO;
				CLANG_ANALYZER_NONNULL = YES;
				CLANG_CXX_LANGUAGE_STANDARD = "gnu++0x";
				CLANG_CXX_LIBRARY = "libc++";
				CLANG_ENABLE_MODULES = YES;
				CLANG_ENABLE_OBJC_ARC = YES;
				CLANG_WARN_BOOL_CONVERSION = YES;
				CLANG_WARN_CONSTANT_CONVERSION = YES;
				CLANG_WARN_DIRECT_OBJC_ISA_USAGE = YES_ERROR;
				CLANG_WARN_DOCUMENTATION_COMMENTS = YES;
				CLANG_WARN_EMPTY_BODY = YES;
				CLANG_WARN_ENUM_CONVERSION = YES;
				CLANG_WARN_INFINITE_RECURSION = YES;
				CLANG_WARN_INT_CONVERSION = YES;
				CLANG_WARN_OBJC_ROOT_CLASS = YES_ERROR;
				CLANG_WARN_SUSPICIOUS_MOVES = YES;
				CLANG_WARN_UNREACHABLE_CODE = YES;
				CLANG_WARN__DUPLICATE_METHOD_MATCH = YES;
				"CODE_SIGN_IDENTITY[sdk=iphoneos*]" = "iPhone Developer";
				COPY_PHASE_STRIP = NO;
				DEBUG_INFORMATION_FORMAT = "dwarf-with-dsym";
				ENABLE_NS_ASSERTIONS = NO;
				ENABLE_STRICT_OBJC_MSGSEND = YES;
				GCC_C_LANGUAGE_STANDARD = gnu99;
				GCC_NO_COMMON_BLOCKS = YES;
				GCC_WARN_64_TO_32_BIT_CONVERSION = YES;
				GCC_WARN_ABOUT_RETURN_TYPE = YES_ERROR;
				GCC_WARN_UNDECLARED_SELECTOR = YES;
				GCC_WARN_UNINITIALIZED_AUTOS = YES_AGGRESSIVE;
				GCC_WARN_UNUSED_FUNCTION = YES;
				GCC_WARN_UNUSED_VARIABLE = YES;
				IPHONEOS_DEPLOYMENT_TARGET = 10.1;
				MTL_ENABLE_DEBUG_INFO = NO;
				SDKROOT = iphoneos;
				SWIFT_OPTIMIZATION_LEVEL = "-Owholemodule";
				VALIDATE_PRODUCT = YES;
			};
			name = Release;
		};
		506049C41DD846F400AC781F /* Debug */ = {
			isa = XCBuildConfiguration;
			buildSettings = {
				ASSETCATALOG_COMPILER_APPICON_NAME = AppIcon;
				DEVELOPMENT_TEAM = 4682Q6QAJV;
				INFOPLIST_FILE = UrbandManager/Info.plist;
				IPHONEOS_DEPLOYMENT_TARGET = 9.0;
				LD_RUNPATH_SEARCH_PATHS = "$(inherited) @executable_path/Frameworks";
				PRODUCT_BUNDLE_IDENTIFIER = com.dex.enterprise.urband;
				PRODUCT_NAME = "$(TARGET_NAME)";
				SWIFT_VERSION = 3.0;
			};
			name = Debug;
		};
		506049C51DD846F400AC781F /* Release */ = {
			isa = XCBuildConfiguration;
			buildSettings = {
				ASSETCATALOG_COMPILER_APPICON_NAME = AppIcon;
				DEVELOPMENT_TEAM = 4682Q6QAJV;
				INFOPLIST_FILE = UrbandManager/Info.plist;
				IPHONEOS_DEPLOYMENT_TARGET = 9.0;
				LD_RUNPATH_SEARCH_PATHS = "$(inherited) @executable_path/Frameworks";
				PRODUCT_BUNDLE_IDENTIFIER = com.dex.enterprise.urband;
				PRODUCT_NAME = "$(TARGET_NAME)";
				SWIFT_VERSION = 3.0;
			};
			name = Release;
		};
/* End XCBuildConfiguration section */

/* Begin XCConfigurationList section */
		506049AC1DD846F400AC781F /* Build configuration list for PBXProject "UrbandManager" */ = {
			isa = XCConfigurationList;
			buildConfigurations = (
				506049C11DD846F400AC781F /* Debug */,
				506049C21DD846F400AC781F /* Release */,
			);
			defaultConfigurationIsVisible = 0;
			defaultConfigurationName = Release;
		};
		506049C31DD846F400AC781F /* Build configuration list for PBXNativeTarget "UrbandManager" */ = {
			isa = XCConfigurationList;
			buildConfigurations = (
				506049C41DD846F400AC781F /* Debug */,
				506049C51DD846F400AC781F /* Release */,
			);
			defaultConfigurationIsVisible = 0;
			defaultConfigurationName = Release;
		};
/* End XCConfigurationList section */
	};
	rootObject = 506049A91DD846F400AC781F /* Project object */;
}
